
Microsoft Visual Studio Solution File, Format Version 12.00
# Visual Studio 15
VisualStudioVersion = 15.0.27130.2003
MinimumVisualStudioVersion = 10.0.40219.1
Project("{8BC9CEB8-8B4A-11D0-8D11-00A0C91BC942}") = "ProyectoSegundoParcial", "ProyectoSegundoParcial\ProyectoSegundoParcial.vcxproj", "{F675C58E-8B81-42C5-B424-996CF44C9950}"
EndProject
Global
	GlobalSection(SolutionConfigurationPlatforms) = preSolution
		Debug|Win32 = Debug|Win32
		Release|Win32 = Release|Win32
	EndGlobalSection
	GlobalSection(ProjectConfigurationPlatforms) = postSolution
		{F675C58E-8B81-42C5-B424-996CF44C9950}.Debug|Win32.ActiveCfg = Debug|Win32
		{F675C58E-8B81-42C5-B424-996CF44C9950}.Debug|Win32.Build.0 = Debug|Win32
		{F675C58E-8B81-42C5-B424-996CF44C9950}.Release|Win32.ActiveCfg = Release|Win32
		{F675C58E-8B81-42C5-B424-996CF44C9950}.Release|Win32.Build.0 = Release|Win32
	EndGlobalSection
	GlobalSection(SolutionProperties) = preSolution
		HideSolutionNode = FALSE
	EndGlobalSection
	GlobalSection(ExtensibilityGlobals) = postSolution
		SolutionGuid = {87AB365D-6B46-47FA-A24E-0A46C4D1BC17}
	EndGlobalSection
EndGlobal
